
Microsoft Visual Studio Solution File, Format Version 12.00
# Visual Studio Version 16
VisualStudioVersion = 16.0.30907.101
MinimumVisualStudioVersion = 10.0.40219.1
Project("{FAE04EC0-301F-11D3-BF4B-00C04F79EFBC}") = "McNutsAPI", "McNutsAPI\McNutsAPI.csproj", "{2394BA1C-1062-4B5A-8B14-DA49DE4523EC}"
EndProject
Global
	GlobalSection(SolutionConfigurationPlatforms) = preSolution
		Debug|Any CPU = Debug|Any CPU
		Release|Any CPU = Release|Any CPU
	EndGlobalSection
	GlobalSection(ProjectConfigurationPlatforms) = postSolution
		{2394BA1C-1062-4B5A-8B14-DA49DE4523EC}.Debug|Any CPU.ActiveCfg = Debug|Any CPU
		{2394BA1C-1062-4B5A-8B14-DA49DE4523EC}.Debug|Any CPU.Build.0 = Debug|Any CPU
		{2394BA1C-1062-4B5A-8B14-DA49DE4523EC}.Release|Any CPU.ActiveCfg = Release|Any CPU
		{2394BA1C-1062-4B5A-8B14-DA49DE4523EC}.Release|Any CPU.Build.0 = Release|Any CPU
	EndGlobalSection
	GlobalSection(SolutionProperties) = preSolution
		HideSolutionNode = FALSE
	EndGlobalSection
	GlobalSection(ExtensibilityGlobals) = postSolution
		SolutionGuid = {5BBABB58-C7E0-4E2A-9C88-445B377551A6}
	EndGlobalSection
EndGlobal
